Microsoft Visual Studio Solution File, Format Version 12.00
# Visual Studio Version 17
VisualStudioVersion = 17.5.2.0
MinimumVisualStudioVersion = 10.0.40219.1
Project("{FAE04EC0-301F-11D3-BF4B-00C04F79EFBC}") = "E-commerce_c_charp", "E-commerce_c_charp.csproj", "{93DCBCA1-9747-2692-DEE8-BF5599CF091D}"
EndProject
Global
	GlobalSection(SolutionConfigurationPlatforms) = preSolution
		Debug|Any CPU = Debug|Any CPU
		Release|Any CPU = Release|Any CPU
	EndGlobalSection
	GlobalSection(ProjectConfigurationPlatforms) = postSolution
		{93DCBCA1-9747-2692-DEE8-BF5599CF091D}.Debug|Any CPU.ActiveCfg = Debug|Any CPU
		{93DCBCA1-9747-2692-DEE8-BF5599CF091D}.Debug|Any CPU.Build.0 = Debug|Any CPU
		{93DCBCA1-9747-2692-DEE8-BF5599CF091D}.Release|Any CPU.ActiveCfg = Release|Any CPU
		{93DCBCA1-9747-2692-DEE8-BF5599CF091D}.Release|Any CPU.Build.0 = Release|Any CPU
	EndGlobalSection
	GlobalSection(SolutionProperties) = preSolution
		HideSolutionNode = FALSE
	EndGlobalSection
	GlobalSection(ExtensibilityGlobals) = postSolution
		SolutionGuid = {C3D91E22-8696-42DC-9FAA-00108CE0F6B3}
	EndGlobalSection
EndGlobal
